
Microsoft Visual Studio Solution File, Format Version 12.00
# Visual Studio Version 17
VisualStudioVersion = 17.10.34928.147
MinimumVisualStudioVersion = 10.0.40219.1
Project("{FAE04EC0-301F-11D3-BF4B-00C04F79EFBC}") = "BlazingCountdown", "BlazingCountdown\BlazingCountdown\BlazingCountdown.csproj", "{5D107D6C-6BB0-450E-8011-27AE977143DB}"
EndProject
Project("{FAE04EC0-301F-11D3-BF4B-00C04F79EFBC}") = "BlazingCountdown.Client", "BlazingCountdown\BlazingCountdown.Client\BlazingCountdown.Client.csproj", "{F5A532AA-4B24-4D7B-B961-A11A15C0C183}"
EndProject
Global
	GlobalSection(SolutionConfigurationPlatforms) = preSolution
		Debug|Any CPU = Debug|Any CPU
		Release|Any CPU = Release|Any CPU
	EndGlobalSection
	GlobalSection(ProjectConfigurationPlatforms) = postSolution
		{5D107D6C-6BB0-450E-8011-27AE977143DB}.Debug|Any CPU.ActiveCfg = Debug|Any CPU
		{5D107D6C-6BB0-450E-8011-27AE977143DB}.Debug|Any CPU.Build.0 = Debug|Any CPU
		{5D107D6C-6BB0-450E-8011-27AE977143DB}.Release|Any CPU.ActiveCfg = Release|Any CPU
		{5D107D6C-6BB0-450E-8011-27AE977143DB}.Release|Any CPU.Build.0 = Release|Any CPU
		{F5A532AA-4B24-4D7B-B961-A11A15C0C183}.Debug|Any CPU.ActiveCfg = Debug|Any CPU
		{F5A532AA-4B24-4D7B-B961-A11A15C0C183}.Debug|Any CPU.Build.0 = Debug|Any CPU
		{F5A532AA-4B24-4D7B-B961-A11A15C0C183}.Release|Any CPU.ActiveCfg = Release|Any CPU
		{F5A532AA-4B24-4D7B-B961-A11A15C0C183}.Release|Any CPU.Build.0 = Release|Any CPU
	EndGlobalSection
	GlobalSection(SolutionProperties) = preSolution
		HideSolutionNode = FALSE
	EndGlobalSection
	GlobalSection(ExtensibilityGlobals) = postSolution
		SolutionGuid = {08D3BB39-4199-4DBC-A9B7-339EC47C16BF}
	EndGlobalSection
EndGlobal
